
Microsoft Visual Studio Solution File, Format Version 12.00
# Visual Studio Version 16
VisualStudioVersion = 16.0.30907.101
MinimumVisualStudioVersion = 10.0.40219.1
Project("{9A19103F-16F7-4668-BE54-9A1E7A4F7556}") = "Ameow", "Ameow\Ameow.csproj", "{D1197975-D36F-4838-8CE5-5AC97EAB4DC2}"
EndProject
Project("{9A19103F-16F7-4668-BE54-9A1E7A4F7556}") = "AmeowCLI", "AmeowCLI\AmeowCLI.csproj", "{3F37AFD2-09D5-48FF-A0B1-A0DC3F7CF742}"
EndProject
Project("{9A19103F-16F7-4668-BE54-9A1E7A4F7556}") = "AmeowGUI", "AmeowGUI\AmeowGUI.csproj", "{34DA1114-2779-458A-B890-70EE731ED277}"
EndProject
Global
	GlobalSection(SolutionConfigurationPlatforms) = preSolution
		Debug|Any CPU = Debug|Any CPU
		Release|Any CPU = Release|Any CPU
	EndGlobalSection
	GlobalSection(ProjectConfigurationPlatforms) = postSolution
		{D1197975-D36F-4838-8CE5-5AC97EAB4DC2}.Debug|Any CPU.ActiveCfg = Debug|Any CPU
		{D1197975-D36F-4838-8CE5-5AC97EAB4DC2}.Debug|Any CPU.Build.0 = Debug|Any CPU
		{D1197975-D36F-4838-8CE5-5AC97EAB4DC2}.Release|Any CPU.ActiveCfg = Release|Any CPU
		{D1197975-D36F-4838-8CE5-5AC97EAB4DC2}.Release|Any CPU.Build.0 = Release|Any CPU
		{3F37AFD2-09D5-48FF-A0B1-A0DC3F7CF742}.Debug|Any CPU.ActiveCfg = Debug|Any CPU
		{3F37AFD2-09D5-48FF-A0B1-A0DC3F7CF742}.Debug|Any CPU.Build.0 = Debug|Any CPU
		{3F37AFD2-09D5-48FF-A0B1-A0DC3F7CF742}.Release|Any CPU.ActiveCfg = Release|Any CPU
		{3F37AFD2-09D5-48FF-A0B1-A0DC3F7CF742}.Release|Any CPU.Build.0 = Release|Any CPU
		{34DA1114-2779-458A-B890-70EE731ED277}.Debug|Any CPU.ActiveCfg = Debug|Any CPU
		{34DA1114-2779-458A-B890-70EE731ED277}.Debug|Any CPU.Build.0 = Debug|Any CPU
		{34DA1114-2779-458A-B890-70EE731ED277}.Release|Any CPU.ActiveCfg = Release|Any CPU
		{34DA1114-2779-458A-B890-70EE731ED277}.Release|Any CPU.Build.0 = Release|Any CPU
	EndGlobalSection
	GlobalSection(SolutionProperties) = preSolution
		HideSolutionNode = FALSE
	EndGlobalSection
	GlobalSection(ExtensibilityGlobals) = postSolution
		SolutionGuid = {0E9AEF6F-4D98-4B13-B299-02AC893B44B9}
	EndGlobalSection
EndGlobal
